
Microsoft Visual Studio Solution File, Format Version 12.00
# Visual Studio Version 17
VisualStudioVersion = 17.8.34525.116
MinimumVisualStudioVersion = 10.0.40219.1
Project("{FAE04EC0-301F-11D3-BF4B-00C04F79EFBC}") = "Assignment-2", "Assignment-2\Assignment-2.csproj", "{06C4ADC8-D7CA-4F24-8459-0AC0D9A212EF}"
EndProject
Global
	GlobalSection(SolutionConfigurationPlatforms) = preSolution
		Debug|Any CPU = Debug|Any CPU
		Release|Any CPU = Release|Any CPU
	EndGlobalSection
	GlobalSection(ProjectConfigurationPlatforms) = postSolution
		{06C4ADC8-D7CA-4F24-8459-0AC0D9A212EF}.Debug|Any CPU.ActiveCfg = Debug|Any CPU
		{06C4ADC8-D7CA-4F24-8459-0AC0D9A212EF}.Debug|Any CPU.Build.0 = Debug|Any CPU
		{06C4ADC8-D7CA-4F24-8459-0AC0D9A212EF}.Release|Any CPU.ActiveCfg = Release|Any CPU
		{06C4ADC8-D7CA-4F24-8459-0AC0D9A212EF}.Release|Any CPU.Build.0 = Release|Any CPU
	EndGlobalSection
	GlobalSection(SolutionProperties) = preSolution
		HideSolutionNode = FALSE
	EndGlobalSection
	GlobalSection(ExtensibilityGlobals) = postSolution
		SolutionGuid = {2A27CCDE-5BEB-4211-8117-1EA7C0D5C660}
	EndGlobalSection
EndGlobal
